
Microsoft Visual Studio Solution File, Format Version 12.00
# Visual Studio Version 16
VisualStudioVersion = 16.0.31729.503
MinimumVisualStudioVersion = 10.0.40219.1
Project("{FAE04EC0-301F-11D3-BF4B-00C04F79EFBC}") = "10-Recursion", "10-Recursion.csproj", "{EE9B61C0-03AB-4AEE-B712-95598F5B983E}"
EndProject
Global
	GlobalSection(SolutionConfigurationPlatforms) = preSolution
		Debug|Any CPU = Debug|Any CPU
		Release|Any CPU = Release|Any CPU
	EndGlobalSection
	GlobalSection(ProjectConfigurationPlatforms) = postSolution
		{EE9B61C0-03AB-4AEE-B712-95598F5B983E}.Debug|Any CPU.ActiveCfg = Debug|Any CPU
		{EE9B61C0-03AB-4AEE-B712-95598F5B983E}.Debug|Any CPU.Build.0 = Debug|Any CPU
		{EE9B61C0-03AB-4AEE-B712-95598F5B983E}.Release|Any CPU.ActiveCfg = Release|Any CPU
		{EE9B61C0-03AB-4AEE-B712-95598F5B983E}.Release|Any CPU.Build.0 = Release|Any CPU
	EndGlobalSection
	GlobalSection(SolutionProperties) = preSolution
		HideSolutionNode = FALSE
	EndGlobalSection
	GlobalSection(ExtensibilityGlobals) = postSolution
		SolutionGuid = {9D7A166F-3F69-4152-9F11-2C98D5B912E0}
	EndGlobalSection
EndGlobal
