
Microsoft Visual Studio Solution File, Format Version 12.00
# Visual Studio Version 16
VisualStudioVersion = 16.0.31729.503
MinimumVisualStudioVersion = 10.0.40219.1
Project("{FAE04EC0-301F-11D3-BF4B-00C04F79EFBC}") = "15-Jagged-Arrays", "15-Jagged-Arrays.csproj", "{08766BEB-B71C-485E-99AF-C691C1E126BC}"
EndProject
Global
	GlobalSection(SolutionConfigurationPlatforms) = preSolution
		Debug|Any CPU = Debug|Any CPU
		Release|Any CPU = Release|Any CPU
	EndGlobalSection
	GlobalSection(ProjectConfigurationPlatforms) = postSolution
		{08766BEB-B71C-485E-99AF-C691C1E126BC}.Debug|Any CPU.ActiveCfg = Debug|Any CPU
		{08766BEB-B71C-485E-99AF-C691C1E126BC}.Debug|Any CPU.Build.0 = Debug|Any CPU
		{08766BEB-B71C-485E-99AF-C691C1E126BC}.Release|Any CPU.ActiveCfg = Release|Any CPU
		{08766BEB-B71C-485E-99AF-C691C1E126BC}.Release|Any CPU.Build.0 = Release|Any CPU
	EndGlobalSection
	GlobalSection(SolutionProperties) = preSolution
		HideSolutionNode = FALSE
	EndGlobalSection
	GlobalSection(ExtensibilityGlobals) = postSolution
		SolutionGuid = {E5A51503-5AFE-4CBD-9EBF-00AB07B01B0F}
	EndGlobalSection
EndGlobal
