
Microsoft Visual Studio Solution File, Format Version 12.00
# Visual Studio Version 16
VisualStudioVersion = 16.0.31729.503
MinimumVisualStudioVersion = 10.0.40219.1
Project("{FAE04EC0-301F-11D3-BF4B-00C04F79EFBC}") = "13-Using-Arrays-in-Loops", "13-Using-Arrays-in-Loops.csproj", "{39BFC297-CEC6-44D9-8A16-5AE30BAAD488}"
EndProject
Global
	GlobalSection(SolutionConfigurationPlatforms) = preSolution
		Debug|Any CPU = Debug|Any CPU
		Release|Any CPU = Release|Any CPU
	EndGlobalSection
	GlobalSection(ProjectConfigurationPlatforms) = postSolution
		{39BFC297-CEC6-44D9-8A16-5AE30BAAD488}.Debug|Any CPU.ActiveCfg = Debug|Any CPU
		{39BFC297-CEC6-44D9-8A16-5AE30BAAD488}.Debug|Any CPU.Build.0 = Debug|Any CPU
		{39BFC297-CEC6-44D9-8A16-5AE30BAAD488}.Release|Any CPU.ActiveCfg = Release|Any CPU
		{39BFC297-CEC6-44D9-8A16-5AE30BAAD488}.Release|Any CPU.Build.0 = Release|Any CPU
	EndGlobalSection
	GlobalSection(SolutionProperties) = preSolution
		HideSolutionNode = FALSE
	EndGlobalSection
	GlobalSection(ExtensibilityGlobals) = postSolution
		SolutionGuid = {839B8537-E1A2-47F1-8391-C97A8BBC0C4B}
	EndGlobalSection
EndGlobal
