
Microsoft Visual Studio Solution File, Format Version 12.00
# Visual Studio Version 16
VisualStudioVersion = 16.0.31729.503
MinimumVisualStudioVersion = 10.0.40219.1
Project("{FAE04EC0-301F-11D3-BF4B-00C04F79EFBC}") = "13-Operator-Overloading", "13-Operator-Overloading.csproj", "{73FB66B0-A2A7-44F3-A357-550D6FE53733}"
EndProject
Global
	GlobalSection(SolutionConfigurationPlatforms) = preSolution
		Debug|Any CPU = Debug|Any CPU
		Release|Any CPU = Release|Any CPU
	EndGlobalSection
	GlobalSection(ProjectConfigurationPlatforms) = postSolution
		{73FB66B0-A2A7-44F3-A357-550D6FE53733}.Debug|Any CPU.ActiveCfg = Debug|Any CPU
		{73FB66B0-A2A7-44F3-A357-550D6FE53733}.Debug|Any CPU.Build.0 = Debug|Any CPU
		{73FB66B0-A2A7-44F3-A357-550D6FE53733}.Release|Any CPU.ActiveCfg = Release|Any CPU
		{73FB66B0-A2A7-44F3-A357-550D6FE53733}.Release|Any CPU.Build.0 = Release|Any CPU
	EndGlobalSection
	GlobalSection(SolutionProperties) = preSolution
		HideSolutionNode = FALSE
	EndGlobalSection
	GlobalSection(ExtensibilityGlobals) = postSolution
		SolutionGuid = {57C82EF0-84E6-456C-A1D8-7F7B63714832}
	EndGlobalSection
EndGlobal
