
Microsoft Visual Studio Solution File, Format Version 12.00
# Visual Studio Version 16
VisualStudioVersion = 16.0.31729.503
MinimumVisualStudioVersion = 10.0.40219.1
Project("{FAE04EC0-301F-11D3-BF4B-00C04F79EFBC}") = "03-Area-of-a-Circle", "03-Area-of-a-Circle.csproj", "{A6358D90-193C-4370-B36A-EED92E850274}"
EndProject
Global
	GlobalSection(SolutionConfigurationPlatforms) = preSolution
		Debug|Any CPU = Debug|Any CPU
		Release|Any CPU = Release|Any CPU
	EndGlobalSection
	GlobalSection(ProjectConfigurationPlatforms) = postSolution
		{A6358D90-193C-4370-B36A-EED92E850274}.Debug|Any CPU.ActiveCfg = Debug|Any CPU
		{A6358D90-193C-4370-B36A-EED92E850274}.Debug|Any CPU.Build.0 = Debug|Any CPU
		{A6358D90-193C-4370-B36A-EED92E850274}.Release|Any CPU.ActiveCfg = Release|Any CPU
		{A6358D90-193C-4370-B36A-EED92E850274}.Release|Any CPU.Build.0 = Release|Any CPU
	EndGlobalSection
	GlobalSection(SolutionProperties) = preSolution
		HideSolutionNode = FALSE
	EndGlobalSection
	GlobalSection(ExtensibilityGlobals) = postSolution
		SolutionGuid = {B2E4E90F-C677-47B3-92B6-F59D6DAA4307}
	EndGlobalSection
EndGlobal
